
Microsoft Visual Studio Solution File, Format Version 12.00
# Visual Studio Version 16
VisualStudioVersion = 16.0.30320.27
MinimumVisualStudioVersion = 10.0.40219.1
Project("{FAE04EC0-301F-11D3-BF4B-00C04F79EFBC}") = "App", "App\App.csproj", "{BFBC9790-FE46-47C4-8B66-3DBB5FFB9761}"
EndProject
Global
	GlobalSection(SolutionConfigurationPlatforms) = preSolution
		Debug|Any CPU = Debug|Any CPU
		Release|Any CPU = Release|Any CPU
	EndGlobalSection
	GlobalSection(ProjectConfigurationPlatforms) = postSolution
		{BFBC9790-FE46-47C4-8B66-3DBB5FFB9761}.Debug|Any CPU.ActiveCfg = Debug|Any CPU
		{BFBC9790-FE46-47C4-8B66-3DBB5FFB9761}.Debug|Any CPU.Build.0 = Debug|Any CPU
		{BFBC9790-FE46-47C4-8B66-3DBB5FFB9761}.Release|Any CPU.ActiveCfg = Release|Any CPU
		{BFBC9790-FE46-47C4-8B66-3DBB5FFB9761}.Release|Any CPU.Build.0 = Release|Any CPU
	EndGlobalSection
	GlobalSection(SolutionProperties) = preSolution
		HideSolutionNode = FALSE
	EndGlobalSection
	GlobalSection(ExtensibilityGlobals) = postSolution
		SolutionGuid = {FE758CF0-0913-48F1-8BFF-BD489EBBBE52}
	EndGlobalSection
EndGlobal
